PODS:
  - Alamofire (4.2.0)
  - FreeStreamer (3.7.2):
    - Reachability (~> 3.0)
  - Reachability (3.2)
  - SDWebImage (3.8.2):
    - SDWebImage/Core (= 3.8.2)
  - SDWebImage/Core (3.8.2)
  - SnapKit (3.1.2)

DEPENDENCIES:
  - Alamofire (~> 4.2.0)
  - FreeStreamer (~> 3.7.2)
  - SDWebImage (~> 3.8.2)
  - SnapKit (~> 3.1.2)

SPEC CHECKSUMS:
  Alamofire: aa2e09d871c9160ac53c90e83c68064a94e3dfbe
  FreeStreamer: 98f42f926bed70e3f8873930bc530aae83082d9f
  Reachability: 33e18b67625424e47b6cde6d202dce689ad7af96
  SDWebImage: 098e97e6176540799c27e804c96653ee0833d13c
  SnapKit: 12b24f569cb7c143acc9c22b9d91b23e7b1c84a2

PODFILE CHECKSUM: 27141d2620e959b11a5f6ac88743314b7d6c2639

COCOAPODS: 1.2.0.beta.3
