// !$*UTF8*$!
{
	archiveVersion = 1;
	classes = {
	};
	objectVersion = 46;
	objects = {

/* Begin PBXBuildFile section */
		606CCC977100E94BA88B47C5 /* Pods___demo.framework in Frameworks */ = {isa = PBXBuildFile; fileRef = 253E7DC0E2E5CC585B4CA6AB /* Pods___demo.framework */; };
		6C01EE571F62336500DCBAA5 /* otherIcon@2x.png in Resources */ = {isa = PBXBuildFile; fileRef = 6C01EE551F62336500DCBAA5 /* otherIcon@2x.png */; };
		6C01EE581F62336500DCBAA5 /* otherIcon@3x.png in Resources */ = {isa = PBXBuildFile; fileRef = 6C01EE561F62336500DCBAA5 /* otherIcon@3x.png */; };
		6C04DDFF1EE503AF00700313 /* start.mp3 in Resources */ = {isa = PBXBuildFile; fileRef = 6C04DDFE1EE503AF00700313 /* start.mp3 */; };
		6C04DE051EE538F100700313 /* ThreeViewController.swift in Sources */ = {isa = PBXBuildFile; fileRef = 6C04DE041EE538F100700313 /* ThreeViewController.swift */; };
		6C0C88A31E836F0400A185B5 /* OneModel.swift in Sources */ = {isa = PBXBuildFile; fileRef = 6C0C88A21E836F0400A185B5 /* OneModel.swift */; };
		6C0C88AB1E83968300A185B5 /* OneTableViewCell.swift in Sources */ = {isa = PBXBuildFile; fileRef = 6C0C88AA1E83968300A185B5 /* OneTableViewCell.swift */; };
		6C26BEBF1E84F71C003A7478 /* VideoViewController.swift in Sources */ = {isa = PBXBuildFile; fileRef = 6C26BEBE1E84F71C003A7478 /* VideoViewController.swift */; };
		6C26BEC11E84FBB1003A7478 /* IJKMediaFramework.framework in Frameworks */ = {isa = PBXBuildFile; fileRef = 6C26BEC01E84FBB1003A7478 /* IJKMediaFramework.framework */; };
		6C26BEC31E84FC02003A7478 /* AudioToolbox.framework in Frameworks */ = {isa = PBXBuildFile; fileRef = 6C26BEC21E84FC02003A7478 /* AudioToolbox.framework */; };
		6C26BEC51E84FC0C003A7478 /* AVFoundation.framework in Frameworks */ = {isa = PBXBuildFile; fileRef = 6C26BEC41E84FC0C003A7478 /* AVFoundation.framework */; };
		6C26BEC71E84FC1E003A7478 /* CoreGraphics.framework in Frameworks */ = {isa = PBXBuildFile; fileRef = 6C26BEC61E84FC1E003A7478 /* CoreGraphics.framework */; };
		6C26BEC91E84FC26003A7478 /* CoreMedia.framework in Frameworks */ = {isa = PBXBuildFile; fileRef = 6C26BEC81E84FC26003A7478 /* CoreMedia.framework */; };
		6C26BECB1E84FC35003A7478 /* CoreVideo.framework in Frameworks */ = {isa = PBXBuildFile; fileRef = 6C26BECA1E84FC35003A7478 /* CoreVideo.framework */; };
		6C26BECD1E84FC46003A7478 /* libbz2.tbd in Frameworks */ = {isa = PBXBuildFile; fileRef = 6C26BECC1E84FC46003A7478 /* libbz2.tbd */; };
		6C26BECF1E84FC4D003A7478 /* libz.tbd in Frameworks */ = {isa = PBXBuildFile; fileRef = 6C26BECE1E84FC4D003A7478 /* libz.tbd */; };
		6C26BED11E84FC5F003A7478 /* MediaPlayer.framework in Frameworks */ = {isa = PBXBuildFile; fileRef = 6C26BED01E84FC5F003A7478 /* MediaPlayer.framework */; };
		6C26BED31E84FC6E003A7478 /* MobileCoreServices.framework in Frameworks */ = {isa = PBXBuildFile; fileRef = 6C26BED21E84FC6E003A7478 /* MobileCoreServices.framework */; };
		6C26BED51E84FC78003A7478 /* OpenGLES.framework in Frameworks */ = {isa = PBXBuildFile; fileRef = 6C26BED41E84FC78003A7478 /* OpenGLES.framework */; };
		6C26BED71E84FC80003A7478 /* QuartzCore.framework in Frameworks */ = {isa = PBXBuildFile; fileRef = 6C26BED61E84FC80003A7478 /* QuartzCore.framework */; };
		6C26BED91E84FC88003A7478 /* UIKit.framework in Frameworks */ = {isa = PBXBuildFile; fileRef = 6C26BED81E84FC88003A7478 /* UIKit.framework */; };
		6C26BEDB1E84FC90003A7478 /* VideoToolbox.framework in Frameworks */ = {isa = PBXBuildFile; fileRef = 6C26BEDA1E84FC90003A7478 /* VideoToolbox.framework */; };
		6C2A00C01F53A1A500A34A16 /* NumberpadViewController.swift in Sources */ = {isa = PBXBuildFile; fileRef = 6C2A00BF1F53A1A500A34A16 /* NumberpadViewController.swift */; };
		6C329B691F69210F006B1497 /* giftViewController.swift in Sources */ = {isa = PBXBuildFile; fileRef = 6C329B681F69210F006B1497 /* giftViewController.swift */; };
		6C329B6F1F6A51CF006B1497 /* BulletManager.m in Sources */ = {isa = PBXBuildFile; fileRef = 6C329B6C1F6A51CF006B1497 /* BulletManager.m */; };
		6C329B701F6A51CF006B1497 /* BulletView.m in Sources */ = {isa = PBXBuildFile; fileRef = 6C329B6E1F6A51CF006B1497 /* BulletView.m */; };
		6C329B721F6A5C06006B1497 /* data.json in Resources */ = {isa = PBXBuildFile; fileRef = 6C329B711F6A5C06006B1497 /* data.json */; };
		6C329BA51F6A8313006B1497 /* gif0.gif in Resources */ = {isa = PBXBuildFile; fileRef = 6C329B951F6A8313006B1497 /* gif0.gif */; };
		6C329BA61F6A8313006B1497 /* gif1.gif in Resources */ = {isa = PBXBuildFile; fileRef = 6C329B961F6A8313006B1497 /* gif1.gif */; };
		6C329BA71F6A8313006B1497 /* gif2.gif in Resources */ = {isa = PBXBuildFile; fileRef = 6C329B971F6A8313006B1497 /* gif2.gif */; };
		6C329BA81F6A8313006B1497 /* gif3.gif in Resources */ = {isa = PBXBuildFile; fileRef = 6C329B981F6A8313006B1497 /* gif3.gif */; };
		6C329BA91F6A8313006B1497 /* gif4.gif in Resources */ = {isa = PBXBuildFile; fileRef = 6C329B991F6A8313006B1497 /* gif4.gif */; };
		6C329BAA1F6A8313006B1497 /* gif5.gif in Resources */ = {isa = PBXBuildFile; fileRef = 6C329B9A1F6A8313006B1497 /* gif5.gif */; };
		6C329BAB1F6A8313006B1497 /* gif6.gif in Resources */ = {isa = PBXBuildFile; fileRef = 6C329B9B1F6A8313006B1497 /* gif6.gif */; };
		6C329BAC1F6A8313006B1497 /* gif7.gif in Resources */ = {isa = PBXBuildFile; fileRef = 6C329B9C1F6A8313006B1497 /* gif7.gif */; };
		6C329BAD1F6A8313006B1497 /* gif8.gif in Resources */ = {isa = PBXBuildFile; fileRef = 6C329B9D1F6A8313006B1497 /* gif8.gif */; };
		6C329BAE1F6A8313006B1497 /* gif9.gif in Resources */ = {isa = PBXBuildFile; fileRef = 6C329B9E1F6A8313006B1497 /* gif9.gif */; };
		6C329BAF1F6A8313006B1497 /* gif10.gif in Resources */ = {isa = PBXBuildFile; fileRef = 6C329B9F1F6A8313006B1497 /* gif10.gif */; };
		6C329BB01F6A8313006B1497 /* gif11.gif in Resources */ = {isa = PBXBuildFile; fileRef = 6C329BA01F6A8313006B1497 /* gif11.gif */; };
		6C329BB11F6A8313006B1497 /* gif12.gif in Resources */ = {isa = PBXBuildFile; fileRef = 6C329BA11F6A8313006B1497 /* gif12.gif */; };
		6C329BB61F6A8443006B1497 /* gif14.gif in Resources */ = {isa = PBXBuildFile; fileRef = 6C329BB51F6A8443006B1497 /* gif14.gif */; };
		6C329BB81F6A85D3006B1497 /* gif13.gif in Resources */ = {isa = PBXBuildFile; fileRef = 6C329BB71F6A85D3006B1497 /* gif13.gif */; };
		6C726D761E84AC7C005B9063 /* UserModel.swift in Sources */ = {isa = PBXBuildFile; fileRef = 6C726D751E84AC7C005B9063 /* UserModel.swift */; };
		6C7740B81F3179DB00602665 /* InfoPlist.strings in Resources */ = {isa = PBXBuildFile; fileRef = 6C7740BA1F3179DB00602665 /* InfoPlist.strings */; };
		6C7740C01F317BA000602665 /* Localizable.strings in Resources */ = {isa = PBXBuildFile; fileRef = 6C7740C21F317BA000602665 /* Localizable.strings */; };
		6C8452991EE68C6800E1AA66 /* liwushuo.json in Resources */ = {isa = PBXBuildFile; fileRef = 6C84528B1EE68C6800E1AA66 /* liwushuo.json */; };
		6C84529A1EE68C6800E1AA66 /* CategoryModel.swift in Sources */ = {isa = PBXBuildFile; fileRef = 6C84528D1EE68C6800E1AA66 /* CategoryModel.swift */; };
		6C84529B1EE68C6800E1AA66 /* food.json in Resources */ = {isa = PBXBuildFile; fileRef = 6C84528E1EE68C6800E1AA66 /* food.json */; };
		6C84529C1EE68C6800E1AA66 /* foodModel.swift in Sources */ = {isa = PBXBuildFile; fileRef = 6C84528F1EE68C6800E1AA66 /* foodModel.swift */; };
		6C84529D1EE68C6800E1AA66 /* LeftTableViewCell.swift in Sources */ = {isa = PBXBuildFile; fileRef = 6C8452901EE68C6800E1AA66 /* LeftTableViewCell.swift */; };
		6C84529E1EE68C6800E1AA66 /* meituan.json in Resources */ = {isa = PBXBuildFile; fileRef = 6C8452911EE68C6800E1AA66 /* meituan.json */; };
		6C84529F1EE68C6800E1AA66 /* RightTableViewCell.swift in Sources */ = {isa = PBXBuildFile; fileRef = 6C8452921EE68C6800E1AA66 /* RightTableViewCell.swift */; };
		6C8452A01EE68C6800E1AA66 /* TableViewController.swift in Sources */ = {isa = PBXBuildFile; fileRef = 6C8452931EE68C6800E1AA66 /* TableViewController.swift */; };
		6C8452A11EE68C6800E1AA66 /* TableViewHeaderView.swift in Sources */ = {isa = PBXBuildFile; fileRef = 6C8452941EE68C6800E1AA66 /* TableViewHeaderView.swift */; };
		6C8452A31EE68F8500E1AA66 /* CollectionViewController.swift in Sources */ = {isa = PBXBuildFile; fileRef = 6C8452A21EE68F8500E1AA66 /* CollectionViewController.swift */; };
		6C8452A51EE694DF00E1AA66 /* CollectionViewCell.swift in Sources */ = {isa = PBXBuildFile; fileRef = 6C8452A41EE694DF00E1AA66 /* CollectionViewCell.swift */; };
		6C8452A71EE6951600E1AA66 /* CollectionViewHeaderView.swift in Sources */ = {isa = PBXBuildFile; fileRef = 6C8452A61EE6951600E1AA66 /* CollectionViewHeaderView.swift */; };
		6C8452A91EE6A20A00E1AA66 /* CollectionViewCategoryModel.swift in Sources */ = {isa = PBXBuildFile; fileRef = 6C8452A81EE6A20A00E1AA66 /* CollectionViewCategoryModel.swift */; };
		6C8452AB1EE6A24900E1AA66 /* SubCategoryModel.swift in Sources */ = {isa = PBXBuildFile; fileRef = 6C8452AA1EE6A24900E1AA66 /* SubCategoryModel.swift */; };
		6C9467F31E86172C00D245F9 /* DMHeartFlyView.m in Sources */ = {isa = PBXBuildFile; fileRef = 6C9467F11E86172C00D245F9 /* DMHeartFlyView.m */; };
		6CA7B8DF1E88A76B00C1095F /* emmitParticles.swift in Sources */ = {isa = PBXBuildFile; fileRef = 6CA7B8DE1E88A76B00C1095F /* emmitParticles.swift */; };
		6CA7B8E11E89147600C1095F /* TwoModel.swift in Sources */ = {isa = PBXBuildFile; fileRef = 6CA7B8E01E89147600C1095F /* TwoModel.swift */; };
		6CA7B8E31E891A4300C1095F /* TwoViewController.swift in Sources */ = {isa = PBXBuildFile; fileRef = 6CA7B8E21E891A4300C1095F /* TwoViewController.swift */; };
		6CBFD8C61EE7E73000DE5DCC /* BtnViewController.swift in Sources */ = {isa = PBXBuildFile; fileRef = 6CBFD8C11EE7E73000DE5DCC /* BtnViewController.swift */; };
		6CBFD8C71EE7E73000DE5DCC /* extensionBtn.swift in Sources */ = {isa = PBXBuildFile; fileRef = 6CBFD8C21EE7E73000DE5DCC /* extensionBtn.swift */; };
		6CBFD8C81EE7E73000DE5DCC /* TimeLineCell.swift in Sources */ = {isa = PBXBuildFile; fileRef = 6CBFD8C41EE7E73000DE5DCC /* TimeLineCell.swift */; };
		6CBFD8C91EE7E73000DE5DCC /* TimeLineViewController.swift in Sources */ = {isa = PBXBuildFile; fileRef = 6CBFD8C51EE7E73000DE5DCC /* TimeLineViewController.swift */; };
		6CBFD8CC1EE7E97E00DE5DCC /* NavigationAndDownViewController.swift in Sources */ = {isa = PBXBuildFile; fileRef = 6CBFD8CB1EE7E97E00DE5DCC /* NavigationAndDownViewController.swift */; };
		6CBFD8D61EE8FA0A00DE5DCC /* SKFContentView.swift in Sources */ = {isa = PBXBuildFile; fileRef = 6CBFD8D11EE8FA0A00DE5DCC /* SKFContentView.swift */; };
		6CBFD8D71EE8FA0A00DE5DCC /* SKFPageStyle.swift in Sources */ = {isa = PBXBuildFile; fileRef = 6CBFD8D21EE8FA0A00DE5DCC /* SKFPageStyle.swift */; };
		6CBFD8D81EE8FA0A00DE5DCC /* SKFPageView.swift in Sources */ = {isa = PBXBuildFile; fileRef = 6CBFD8D31EE8FA0A00DE5DCC /* SKFPageView.swift */; };
		6CBFD8D91EE8FA0A00DE5DCC /* SKFTitleView.swift in Sources */ = {isa = PBXBuildFile; fileRef = 6CBFD8D41EE8FA0A00DE5DCC /* SKFTitleView.swift */; };
		6CBFD8DA1EE8FA0A00DE5DCC /* UIColor-Extension.swift in Sources */ = {isa = PBXBuildFile; fileRef = 6CBFD8D51EE8FA0A00DE5DCC /* UIColor-Extension.swift */; };
		6CBFD8DC1EE8FA2E00DE5DCC /* PageViewController.swift in Sources */ = {isa = PBXBuildFile; fileRef = 6CBFD8DB1EE8FA2E00DE5DCC /* PageViewController.swift */; };
		6CC39C1A1F29CC7B001F7FF6 /* GuaGuaKaViewController.swift in Sources */ = {isa = PBXBuildFile; fileRef = 6CC39C191F29CC7B001F7FF6 /* GuaGuaKaViewController.swift */; };
		6CC39C1D1F29CCC0001F7FF6 /* ScratchCard.swift in Sources */ = {isa = PBXBuildFile; fileRef = 6CC39C1B1F29CCC0001F7FF6 /* ScratchCard.swift */; };
		6CC39C1E1F29CCC0001F7FF6 /* ScratchMask.swift in Sources */ = {isa = PBXBuildFile; fileRef = 6CC39C1C1F29CCC0001F7FF6 /* ScratchMask.swift */; };
		6CC39C211F29D6D2001F7FF6 /* PixFaceViewController.swift in Sources */ = {isa = PBXBuildFile; fileRef = 6CC39C201F29D6D2001F7FF6 /* PixFaceViewController.swift */; };
		6CD061E61E811EB80001FC76 /* AppDelegate.swift in Sources */ = {isa = PBXBuildFile; fileRef = 6CD061E51E811EB80001FC76 /* AppDelegate.swift */; };
		6CD061ED1E811EB80001FC76 /* Assets.xcassets in Resources */ = {isa = PBXBuildFile; fileRef = 6CD061EC1E811EB80001FC76 /* Assets.xcassets */; };
		6CD061FB1E811EB80001FC76 /* __demoTests.swift in Sources */ = {isa = PBXBuildFile; fileRef = 6CD061FA1E811EB80001FC76 /* __demoTests.swift */; };
		6CD062061E811EB80001FC76 /* __demoUITests.swift in Sources */ = {isa = PBXBuildFile; fileRef = 6CD062051E811EB80001FC76 /* __demoUITests.swift */; };
		6CD062141E81202C0001FC76 /* TabBarViewController.swift in Sources */ = {isa = PBXBuildFile; fileRef = 6CD062131E81202C0001FC76 /* TabBarViewController.swift */; };
		6CD0621F1E8128D10001FC76 /* PlayerViewController.swift in Sources */ = {isa = PBXBuildFile; fileRef = 6CD0621C1E8128D10001FC76 /* PlayerViewController.swift */; };
		6CD062201E8128D10001FC76 /* OneViewController.swift in Sources */ = {isa = PBXBuildFile; fileRef = 6CD0621E1E8128D10001FC76 /* OneViewController.swift */; };
		6CD062231E8129610001FC76 /* NetWorkManager.swift in Sources */ = {isa = PBXBuildFile; fileRef = 6CD062221E8129610001FC76 /* NetWorkManager.swift */; };
		6CE86D581E89EA3300A8EB5A /* TwoViewModel.swift in Sources */ = {isa = PBXBuildFile; fileRef = 6CE86D571E89EA3300A8EB5A /* TwoViewModel.swift */; };
		6CE86D5A1E89EADB00A8EB5A /* TwoTableViewCell.swift in Sources */ = {isa = PBXBuildFile; fileRef = 6CE86D591E89EADB00A8EB5A /* TwoTableViewCell.swift */; };
/* End PBXBuildFile section */

/* Begin PBXContainerItemProxy section */
		6CD061F71E811EB80001FC76 /* PBXContainerItemProxy */ = {
			isa = PBXContainerItemProxy;
			containerPortal = 6CD061DA1E811EB80001FC76 /* Project object */;
			proxyType = 1;
			remoteGlobalIDString = 6CD061E11E811EB80001FC76;
			remoteInfo = "直播demo";
		};
		6CD062021E811EB80001FC76 /* PBXContainerItemProxy */ = {
			isa = PBXContainerItemProxy;
			containerPortal = 6CD061DA1E811EB80001FC76 /* Project object */;
			proxyType = 1;
			remoteGlobalIDString = 6CD061E11E811EB80001FC76;
			remoteInfo = "直播demo";
		};
/* End PBXContainerItemProxy section */

/* Begin PBXFileReference section */
		0588688EFDC96D4B7892D934 /* Pods-直播demo.release.xcconfig */ = {isa = PBXFileReference; includeInIndex = 1; lastKnownFileType = text.xcconfig; name = "Pods-直播demo.release.xcconfig"; path = "Pods/Target Support Files/Pods-直播demo/Pods-直播demo.release.xcconfig"; sourceTree = "<group>"; };
		06A3BD817F22F03257008175 /* Pods-直播demo.debug.xcconfig */ = {isa = PBXFileReference; includeInIndex = 1; lastKnownFileType = text.xcconfig; name = "Pods-直播demo.debug.xcconfig"; path = "Pods/Target Support Files/Pods-直播demo/Pods-直播demo.debug.xcconfig"; sourceTree = "<group>"; };
		253E7DC0E2E5CC585B4CA6AB /* Pods___demo.framework */ = {isa = PBXFileReference; explicitFileType = wrapper.framework; includeInIndex = 0; path = "Pods___demo.framework"; sourceTree = BUILT_PRODUCTS_DIR; };
		6C01EE551F62336500DCBAA5 /* otherIcon@2x.png */ = {isa = PBXFileReference; lastKnownFileType = image.png; path = "otherIcon@2x.png"; sourceTree = "<group>"; };
		6C01EE561F62336500DCBAA5 /* otherIcon@3x.png */ = {isa = PBXFileReference; lastKnownFileType = image.png; path = "otherIcon@3x.png"; sourceTree = "<group>"; };
		6C04DDFE1EE503AF00700313 /* start.mp3 */ = {isa = PBXFileReference; lastKnownFileType = audio.mp3; path = start.mp3; sourceTree = "<group>"; };
		6C04DE041EE538F100700313 /* ThreeViewController.swift */ = {isa = PBXFileReference; fileEncoding = 4; lastKnownFileType = sourcecode.swift; name = ThreeViewController.swift; path = "第三个tab/ThreeViewController.swift"; sourceTree = "<group>"; };
		6C0C88A21E836F0400A185B5 /* OneModel.swift */ = {isa = PBXFileReference; fileEncoding = 4; lastKnownFileType = sourcecode.swift; path = OneModel.swift; sourceTree = "<group>"; };
		6C0C88AA1E83968300A185B5 /* OneTableViewCell.swift */ = {isa = PBXFileReference; fileEncoding = 4; lastKnownFileType = sourcecode.swift; path = OneTableViewCell.swift; sourceTree = "<group>"; };
		6C26BEBE1E84F71C003A7478 /* VideoViewController.swift */ = {isa = PBXFileReference; fileEncoding = 4; lastKnownFileType = sourcecode.swift; path = VideoViewController.swift; sourceTree = "<group>"; };
		6C26BEC01E84FBB1003A7478 /* IJKMediaFramework.framework */ = {isa = PBXFileReference; lastKnownFileType = wrapper.framework; path = IJKMediaFramework.framework; sourceTree = "<group>"; };
		6C26BEC21E84FC02003A7478 /* AudioToolbox.framework */ = {isa = PBXFileReference; lastKnownFileType = wrapper.framework; name = AudioToolbox.framework; path = System/Library/Frameworks/AudioToolbox.framework; sourceTree = SDKROOT; };
		6C26BEC41E84FC0C003A7478 /* AVFoundation.framework */ = {isa = PBXFileReference; lastKnownFileType = wrapper.framework; name = AVFoundation.framework; path = System/Library/Frameworks/AVFoundation.framework; sourceTree = SDKROOT; };
		6C26BEC61E84FC1E003A7478 /* CoreGraphics.framework */ = {isa = PBXFileReference; lastKnownFileType = wrapper.framework; name = CoreGraphics.framework; path = System/Library/Frameworks/CoreGraphics.framework; sourceTree = SDKROOT; };
		6C26BEC81E84FC26003A7478 /* CoreMedia.framework */ = {isa = PBXFileReference; lastKnownFileType = wrapper.framework; name = CoreMedia.framework; path = System/Library/Frameworks/CoreMedia.framework; sourceTree = SDKROOT; };
		6C26BECA1E84FC35003A7478 /* CoreVideo.framework */ = {isa = PBXFileReference; lastKnownFileType = wrapper.framework; name = CoreVideo.framework; path = System/Library/Frameworks/CoreVideo.framework; sourceTree = SDKROOT; };
		6C26BECC1E84FC46003A7478 /* libbz2.tbd */ = {isa = PBXFileReference; lastKnownFileType = "sourcecode.text-based-dylib-definition"; name = libbz2.tbd; path = usr/lib/libbz2.tbd; sourceTree = SDKROOT; };
		6C26BECE1E84FC4D003A7478 /* libz.tbd */ = {isa = PBXFileReference; lastKnownFileType = "sourcecode.text-based-dylib-definition"; name = libz.tbd; path = usr/lib/libz.tbd; sourceTree = SDKROOT; };
		6C26BED01E84FC5F003A7478 /* MediaPlayer.framework */ = {isa = PBXFileReference; lastKnownFileType = wrapper.framework; name = MediaPlayer.framework; path = System/Library/Frameworks/MediaPlayer.framework; sourceTree = SDKROOT; };
		6C26BED21E84FC6E003A7478 /* MobileCoreServices.framework */ = {isa = PBXFileReference; lastKnownFileType = wrapper.framework; name = MobileCoreServices.framework; path = System/Library/Frameworks/MobileCoreServices.framework; sourceTree = SDKROOT; };
		6C26BED41E84FC78003A7478 /* OpenGLES.framework */ = {isa = PBXFileReference; lastKnownFileType = wrapper.framework; name = OpenGLES.framework; path = System/Library/Frameworks/OpenGLES.framework; sourceTree = SDKROOT; };
		6C26BED61E84FC80003A7478 /* QuartzCore.framework */ = {isa = PBXFileReference; lastKnownFileType = wrapper.framework; name = QuartzCore.framework; path = System/Library/Frameworks/QuartzCore.framework; sourceTree = SDKROOT; };
		6C26BED81E84FC88003A7478 /* UIKit.framework */ = {isa = PBXFileReference; lastKnownFileType = wrapper.framework; name = UIKit.framework; path = System/Library/Frameworks/UIKit.framework; sourceTree = SDKROOT; };
		6C26BEDA1E84FC90003A7478 /* VideoToolbox.framework */ = {isa = PBXFileReference; lastKnownFileType = wrapper.framework; name = VideoToolbox.framework; path = System/Library/Frameworks/VideoToolbox.framework; sourceTree = SDKROOT; };
		6C2A00BF1F53A1A500A34A16 /* NumberpadViewController.swift */ = {isa = PBXFileReference; fileEncoding = 4; lastKnownFileType = sourcecode.swift; path = NumberpadViewController.swift; sourceTree = "<group>"; };
		6C329B681F69210F006B1497 /* giftViewController.swift */ = {isa = PBXFileReference; fileEncoding = 4; lastKnownFileType = sourcecode.swift; path = giftViewController.swift; sourceTree = "<group>"; };
		6C329B6B1F6A51CF006B1497 /* BulletManager.h */ = {isa = PBXFileReference; fileEncoding = 4; lastKnownFileType = sourcecode.c.h; path = BulletManager.h; sourceTree = "<group>"; };
		6C329B6C1F6A51CF006B1497 /* BulletManager.m */ = {isa = PBXFileReference; fileEncoding = 4; lastKnownFileType = sourcecode.c.objc; path = BulletManager.m; sourceTree = "<group>"; };
		6C329B6D1F6A51CF006B1497 /* BulletView.h */ = {isa = PBXFileReference; fileEncoding = 4; lastKnownFileType = sourcecode.c.h; path = BulletView.h; sourceTree = "<group>"; };
		6C329B6E1F6A51CF006B1497 /* BulletView.m */ = {isa = PBXFileReference; fileEncoding = 4; lastKnownFileType = sourcecode.c.objc; path = BulletView.m; sourceTree = "<group>"; };
		6C329B711F6A5C06006B1497 /* data.json */ = {isa = PBXFileReference; fileEncoding = 4; lastKnownFileType = text.json; path = data.json; sourceTree = "<group>"; };
		6C329B951F6A8313006B1497 /* gif0.gif */ = {isa = PBXFileReference; lastKnownFileType = image.gif; path = gif0.gif; sourceTree = "<group>"; };
		6C329B961F6A8313006B1497 /* gif1.gif */ = {isa = PBXFileReference; lastKnownFileType = image.gif; path = gif1.gif; sourceTree = "<group>"; };
		6C329B971F6A8313006B1497 /* gif2.gif */ = {isa = PBXFileReference; lastKnownFileType = image.gif; path = gif2.gif; sourceTree = "<group>"; };
		6C329B981F6A8313006B1497 /* gif3.gif */ = {isa = PBXFileReference; lastKnownFileType = image.gif; path = gif3.gif; sourceTree = "<group>"; };
		6C329B991F6A8313006B1497 /* gif4.gif */ = {isa = PBXFileReference; lastKnownFileType = image.gif; path = gif4.gif; sourceTree = "<group>"; };
		6C329B9A1F6A8313006B1497 /* gif5.gif */ = {isa = PBXFileReference; lastKnownFileType = image.gif; path = gif5.gif; sourceTree = "<group>"; };
		6C329B9B1F6A8313006B1497 /* gif6.gif */ = {isa = PBXFileReference; lastKnownFileType = image.gif; path = gif6.gif; sourceTree = "<group>"; };
		6C329B9C1F6A8313006B1497 /* gif7.gif */ = {isa = PBXFileReference; lastKnownFileType = image.gif; path = gif7.gif; sourceTree = "<group>"; };
		6C329B9D1F6A8313006B1497 /* gif8.gif */ = {isa = PBXFileReference; lastKnownFileType = image.gif; path = gif8.gif; sourceTree = "<group>"; };
		6C329B9E1F6A8313006B1497 /* gif9.gif */ = {isa = PBXFileReference; lastKnownFileType = image.gif; path = gif9.gif; sourceTree = "<group>"; };
		6C329B9F1F6A8313006B1497 /* gif10.gif */ = {isa = PBXFileReference; lastKnownFileType = image.gif; path = gif10.gif; sourceTree = "<group>"; };
		6C329BA01F6A8313006B1497 /* gif11.gif */ = {isa = PBXFileReference; lastKnownFileType = image.gif; path = gif11.gif; sourceTree = "<group>"; };
		6C329BA11F6A8313006B1497 /* gif12.gif */ = {isa = PBXFileReference; lastKnownFileType = image.gif; path = gif12.gif; sourceTree = "<group>"; };
		6C329BB51F6A8443006B1497 /* gif14.gif */ = {isa = PBXFileReference; lastKnownFileType = image.gif; path = gif14.gif; sourceTree = "<group>"; };
		6C329BB71F6A85D3006B1497 /* gif13.gif */ = {isa = PBXFileReference; lastKnownFileType = image.gif; path = gif13.gif; sourceTree = "<group>"; };
		6C726D751E84AC7C005B9063 /* UserModel.swift */ = {isa = PBXFileReference; fileEncoding = 4; lastKnownFileType = sourcecode.swift; path = UserModel.swift; sourceTree = "<group>"; };
		6C7740B91F3179DB00602665 /* en */ = {isa = PBXFileReference; lastKnownFileType = text.plist.strings; name = en; path = en.lproj/InfoPlist.strings; sourceTree = "<group>"; };
		6C7740BB1F3179DC00602665 /* zh-Hans */ = {isa = PBXFileReference; lastKnownFileType = text.plist.strings; name = "zh-Hans"; path = "zh-Hans.lproj/InfoPlist.strings"; sourceTree = "<group>"; };
		6C7740C11F317BA000602665 /* en */ = {isa = PBXFileReference; lastKnownFileType = text.plist.strings; name = en; path = en.lproj/Localizable.strings; sourceTree = "<group>"; };
		6C7740C31F317BA400602665 /* zh-Hans */ = {isa = PBXFileReference; lastKnownFileType = text.plist.strings; name = "zh-Hans"; path = "zh-Hans.lproj/Localizable.strings"; sourceTree = "<group>"; };
		6C84528B1EE68C6800E1AA66 /* liwushuo.json */ = {isa = PBXFileReference; fileEncoding = 4; lastKnownFileType = text.json; path = liwushuo.json; sourceTree = "<group>"; };
		6C84528D1EE68C6800E1AA66 /* CategoryModel.swift */ = {isa = PBXFileReference; fileEncoding = 4; lastKnownFileType = sourcecode.swift; path = CategoryModel.swift; sourceTree = "<group>"; };
		6C84528E1EE68C6800E1AA66 /* food.json */ = {isa = PBXFileReference; fileEncoding = 4; lastKnownFileType = text.json; path = food.json; sourceTree = "<group>"; };
		6C84528F1EE68C6800E1AA66 /* foodModel.swift */ = {isa = PBXFileReference; fileEncoding = 4; lastKnownFileType = sourcecode.swift; path = foodModel.swift; sourceTree = "<group>"; };
		6C8452901EE68C6800E1AA66 /* LeftTableViewCell.swift */ = {isa = PBXFileReference; fileEncoding = 4; lastKnownFileType = sourcecode.swift; path = LeftTableViewCell.swift; sourceTree = "<group>"; };
		6C8452911EE68C6800E1AA66 /* meituan.json */ = {isa = PBXFileReference; fileEncoding = 4; lastKnownFileType = text.json; path = meituan.json; sourceTree = "<group>"; };
		6C8452921EE68C6800E1AA66 /* RightTableViewCell.swift */ = {isa = PBXFileReference; fileEncoding = 4; lastKnownFileType = sourcecode.swift; path = RightTableViewCell.swift; sourceTree = "<group>"; };
		6C8452931EE68C6800E1AA66 /* TableViewController.swift */ = {isa = PBXFileReference; fileEncoding = 4; lastKnownFileType = sourcecode.swift; path = TableViewController.swift; sourceTree = "<group>"; };
		6C8452941EE68C6800E1AA66 /* TableViewHeaderView.swift */ = {isa = PBXFileReference; fileEncoding = 4; lastKnownFileType = sourcecode.swift; path = TableViewHeaderView.swift; sourceTree = "<group>"; };
		6C8452A21EE68F8500E1AA66 /* CollectionViewController.swift */ = {isa = PBXFileReference; fileEncoding = 4; lastKnownFileType = sourcecode.swift; path = CollectionViewController.swift; sourceTree = "<group>"; };
		6C8452A41EE694DF00E1AA66 /* CollectionViewCell.swift */ = {isa = PBXFileReference; fileEncoding = 4; lastKnownFileType = sourcecode.swift; path = CollectionViewCell.swift; sourceTree = "<group>"; };
		6C8452A61EE6951600E1AA66 /* CollectionViewHeaderView.swift */ = {isa = PBXFileReference; fileEncoding = 4; lastKnownFileType = sourcecode.swift; path = CollectionViewHeaderView.swift; sourceTree = "<group>"; };
		6C8452A81EE6A20A00E1AA66 /* CollectionViewCategoryModel.swift */ = {isa = PBXFileReference; fileEncoding = 4; lastKnownFileType = sourcecode.swift; path = CollectionViewCategoryModel.swift; sourceTree = "<group>"; };
		6C8452AA1EE6A24900E1AA66 /* SubCategoryModel.swift */ = {isa = PBXFileReference; fileEncoding = 4; lastKnownFileType = sourcecode.swift; path = SubCategoryModel.swift; sourceTree = "<group>"; };
		6C9467F01E86172C00D245F9 /* DMHeartFlyView.h */ = {isa = PBXFileReference; fileEncoding = 4; lastKnownFileType = sourcecode.c.h; path = DMHeartFlyView.h; sourceTree = "<group>"; };
		6C9467F11E86172C00D245F9 /* DMHeartFlyView.m */ = {isa = PBXFileReference; fileEncoding = 4; lastKnownFileType = sourcecode.c.objc; path = DMHeartFlyView.m; sourceTree = "<group>"; };
		6CA7B8DD1E88992D00C1095F /* brige.h */ = {isa = PBXFileReference; lastKnownFileType = sourcecode.c.h; path = brige.h; sourceTree = "<group>"; };
		6CA7B8DE1E88A76B00C1095F /* emmitParticles.swift */ = {isa = PBXFileReference; fileEncoding = 4; lastKnownFileType = sourcecode.swift; path = emmitParticles.swift; sourceTree = "<group>"; };
		6CA7B8E01E89147600C1095F /* TwoModel.swift */ = {isa = PBXFileReference; fileEncoding = 4; lastKnownFileType = sourcecode.swift; path = TwoModel.swift; sourceTree = "<group>"; };
		6CA7B8E21E891A4300C1095F /* TwoViewController.swift */ = {isa = PBXFileReference; fileEncoding = 4; lastKnownFileType = sourcecode.swift; path = TwoViewController.swift; sourceTree = "<group>"; };
		6CBFD8C11EE7E73000DE5DCC /* BtnViewController.swift */ = {isa = PBXFileReference; fileEncoding = 4; lastKnownFileType = sourcecode.swift; path = BtnViewController.swift; sourceTree = "<group>"; };
		6CBFD8C21EE7E73000DE5DCC /* extensionBtn.swift */ = {isa = PBXFileReference; fileEncoding = 4; lastKnownFileType = sourcecode.swift; path = extensionBtn.swift; sourceTree = "<group>"; };
		6CBFD8C41EE7E73000DE5DCC /* TimeLineCell.swift */ = {isa = PBXFileReference; fileEncoding = 4; lastKnownFileType = sourcecode.swift; path = TimeLineCell.swift; sourceTree = "<group>"; };
		6CBFD8C51EE7E73000DE5DCC /* TimeLineViewController.swift */ = {isa = PBXFileReference; fileEncoding = 4; lastKnownFileType = sourcecode.swift; path = TimeLineViewController.swift; sourceTree = "<group>"; };
		6CBFD8CB1EE7E97E00DE5DCC /* NavigationAndDownViewController.swift */ = {isa = PBXFileReference; fileEncoding = 4; lastKnownFileType = sourcecode.swift; path = NavigationAndDownViewController.swift; sourceTree = "<group>"; };
		6CBFD8D11EE8FA0A00DE5DCC /* SKFContentView.swift */ = {isa = PBXFileReference; fileEncoding = 4; lastKnownFileType = sourcecode.swift; path = SKFContentView.swift; sourceTree = "<group>"; };
		6CBFD8D21EE8FA0A00DE5DCC /* SKFPageStyle.swift */ = {isa = PBXFileReference; fileEncoding = 4; lastKnownFileType = sourcecode.swift; path = SKFPageStyle.swift; sourceTree = "<group>"; };
		6CBFD8D31EE8FA0A00DE5DCC /* SKFPageView.swift */ = {isa = PBXFileReference; fileEncoding = 4; lastKnownFileType = sourcecode.swift; path = SKFPageView.swift; sourceTree = "<group>"; };
		6CBFD8D41EE8FA0A00DE5DCC /* SKFTitleView.swift */ = {isa = PBXFileReference; fileEncoding = 4; lastKnownFileType = sourcecode.swift; path = SKFTitleView.swift; sourceTree = "<group>"; };
		6CBFD8D51EE8FA0A00DE5DCC /* UIColor-Extension.swift */ = {isa = PBXFileReference; fileEncoding = 4; lastKnownFileType = sourcecode.swift; path = "UIColor-Extension.swift"; sourceTree = "<group>"; };
		6CBFD8DB1EE8FA2E00DE5DCC /* PageViewController.swift */ = {isa = PBXFileReference; fileEncoding = 4; lastKnownFileType = sourcecode.swift; path = PageViewController.swift; sourceTree = "<group>"; };
		6CC39C191F29CC7B001F7FF6 /* GuaGuaKaViewController.swift */ = {isa = PBXFileReference; fileEncoding = 4; lastKnownFileType = sourcecode.swift; path = GuaGuaKaViewController.swift; sourceTree = "<group>"; };
		6CC39C1B1F29CCC0001F7FF6 /* ScratchCard.swift */ = {isa = PBXFileReference; fileEncoding = 4; lastKnownFileType = sourcecode.swift; path = ScratchCard.swift; sourceTree = "<group>"; };
		6CC39C1C1F29CCC0001F7FF6 /* ScratchMask.swift */ = {isa = PBXFileReference; fileEncoding = 4; lastKnownFileType = sourcecode.swift; path = ScratchMask.swift; sourceTree = "<group>"; };
		6CC39C201F29D6D2001F7FF6 /* PixFaceViewController.swift */ = {isa = PBXFileReference; fileEncoding = 4; lastKnownFileType = sourcecode.swift; path = PixFaceViewController.swift; sourceTree = "<group>"; };
		6CD061E21E811EB80001FC76 /* 直播demo.app */ = {isa = PBXFileReference; explicitFileType = wrapper.application; includeInIndex = 0; path = "直播demo.app"; sourceTree = BUILT_PRODUCTS_DIR; };
		6CD061E51E811EB80001FC76 /* AppDelegate.swift */ = {isa = PBXFileReference; lastKnownFileType = sourcecode.swift; path = AppDelegate.swift; sourceTree = "<group>"; };
		6CD061EC1E811EB80001FC76 /* Assets.xcassets */ = {isa = PBXFileReference; lastKnownFileType = folder.assetcatalog; path = Assets.xcassets; sourceTree = "<group>"; };
		6CD061F11E811EB80001FC76 /* Info.plist */ = {isa = PBXFileReference; lastKnownFileType = text.plist.xml; path = Info.plist; sourceTree = "<group>"; };
		6CD061F61E811EB80001FC76 /* 直播demoTests.xctest */ = {isa = PBXFileReference; explicitFileType = wrapper.cfbundle; includeInIndex = 0; path = "直播demoTests.xctest"; sourceTree = BUILT_PRODUCTS_DIR; };
		6CD061FA1E811EB80001FC76 /* __demoTests.swift */ = {isa = PBXFileReference; lastKnownFileType = sourcecode.swift; path = __demoTests.swift; sourceTree = "<group>"; };
		6CD061FC1E811EB80001FC76 /* Info.plist */ = {isa = PBXFileReference; lastKnownFileType = text.plist.xml; path = Info.plist; sourceTree = "<group>"; };
		6CD062011E811EB80001FC76 /* 直播demoUITests.xctest */ = {isa = PBXFileReference; explicitFileType = wrapper.cfbundle; includeInIndex = 0; path = "直播demoUITests.xctest"; sourceTree = BUILT_PRODUCTS_DIR; };
		6CD062051E811EB80001FC76 /* __demoUITests.swift */ = {isa = PBXFileReference; lastKnownFileType = sourcecode.swift; path = __demoUITests.swift; sourceTree = "<group>"; };
		6CD062071E811EB80001FC76 /* Info.plist */ = {isa = PBXFileReference; lastKnownFileType = text.plist.xml; path = Info.plist; sourceTree = "<group>"; };
		6CD062131E81202C0001FC76 /* TabBarViewController.swift */ = {isa = PBXFileReference; fileEncoding = 4; lastKnownFileType = sourcecode.swift; path = TabBarViewController.swift; sourceTree = "<group>"; };
		6CD0621C1E8128D10001FC76 /* PlayerViewController.swift */ = {isa = PBXFileReference; fileEncoding = 4; lastKnownFileType = sourcecode.swift; path = PlayerViewController.swift; sourceTree = "<group>"; };
		6CD0621E1E8128D10001FC76 /* OneViewController.swift */ = {isa = PBXFileReference; fileEncoding = 4; lastKnownFileType = sourcecode.swift; path = OneViewController.swift; sourceTree = "<group>"; };
		6CD062221E8129610001FC76 /* NetWorkManager.swift */ = {isa = PBXFileReference; fileEncoding = 4; lastKnownFileType = sourcecode.swift; path = NetWorkManager.swift; sourceTree = "<group>"; };
		6CE86D571E89EA3300A8EB5A /* TwoViewModel.swift */ = {isa = PBXFileReference; fileEncoding = 4; lastKnownFileType = sourcecode.swift; path = TwoViewModel.swift; sourceTree = "<group>"; };
		6CE86D591E89EADB00A8EB5A /* TwoTableViewCell.swift */ = {isa = PBXFileReference; fileEncoding = 4; lastKnownFileType = sourcecode.swift; path = TwoTableViewCell.swift; sourceTree = "<group>"; };
/* End PBXFileReference section */

/* Begin PBXFrameworksBuildPhase section */
		6CD061DF1E811EB80001FC76 /* Frameworks */ = {
			isa = PBXFrameworksBuildPhase;
			buildActionMask = 2147483647;
			files = (
				6C26BEDB1E84FC90003A7478 /* VideoToolbox.framework in Frameworks */,
				6C26BED91E84FC88003A7478 /* UIKit.framework in Frameworks */,
				6C26BED71E84FC80003A7478 /* QuartzCore.framework in Frameworks */,
				6C26BED51E84FC78003A7478 /* OpenGLES.framework in Frameworks */,
				6C26BED31E84FC6E003A7478 /* MobileCoreServices.framework in Frameworks */,
				6C26BED11E84FC5F003A7478 /* MediaPlayer.framework in Frameworks */,
				6C26BECF1E84FC4D003A7478 /* libz.tbd in Frameworks */,
				6C26BECD1E84FC46003A7478 /* libbz2.tbd in Frameworks */,
				6C26BECB1E84FC35003A7478 /* CoreVideo.framework in Frameworks */,
				6C26BEC91E84FC26003A7478 /* CoreMedia.framework in Frameworks */,
				6C26BEC71E84FC1E003A7478 /* CoreGraphics.framework in Frameworks */,
				6C26BEC51E84FC0C003A7478 /* AVFoundation.framework in Frameworks */,
				6C26BEC31E84FC02003A7478 /* AudioToolbox.framework in Frameworks */,
				606CCC977100E94BA88B47C5 /* Pods___demo.framework in Frameworks */,
				6C26BEC11E84FBB1003A7478 /* IJKMediaFramework.framework in Frameworks */,
			);
			runOnlyForDeploymentPostprocessing = 0;
		};
		6CD061F31E811EB80001FC76 /* Frameworks */ = {
			isa = PBXFrameworksBuildPhase;
			buildActionMask = 2147483647;
			files = (
			);
			runOnlyForDeploymentPostprocessing = 0;
		};
		6CD061FE1E811EB80001FC76 /* Frameworks */ = {
			isa = PBXFrameworksBuildPhase;
			buildActionMask = 2147483647;
			files = (
			);
			runOnlyForDeploymentPostprocessing = 0;
		};
/* End PBXFrameworksBuildPhase section */

/* Begin PBXGroup section */
		6C01EE501F622EA200DCBAA5 /* otherIcon */ = {
			isa = PBXGroup;
			children = (
				6C01EE551F62336500DCBAA5 /* otherIcon@2x.png */,
				6C01EE561F62336500DCBAA5 /* otherIcon@3x.png */,
			);
			name = otherIcon;
			path = "第三个tab/otherIcon";
			sourceTree = "<group>";
		};
		6C04DDF61EE5026600700313 /* 第三个tab */ = {
			isa = PBXGroup;
			children = (
				6C01EE501F622EA200DCBAA5 /* otherIcon */,
				6C2A00BE1F53A1A500A34A16 /* 数字键盘 */,
				6CC39C1F1F29D6B9001F7FF6 /* 检测人脸并打码 */,
				6CC39C151F29CA50001F7FF6 /* 刮刮卡 */,
				6CBFD8CF1EE8FA0A00DE5DCC /* 分页控制器 */,
				6CBFD8CA1EE7E92500DE5DCC /* 导航栏渐变+下拉放大 */,
				6CBFD8C01EE7E73000DE5DCC /* 按钮扩展 */,
				6CBFD8C31EE7E73000DE5DCC /* 时间轴效果 */,
				6C8452861EE68C6800E1AA66 /* CollectionView联动 */,
				6C84528C1EE68C6800E1AA66 /* TableView联动 */,
				6C04DE041EE538F100700313 /* ThreeViewController.swift */,
			);
			name = "第三个tab";
			sourceTree = "<group>";
		};
		6C2A00BE1F53A1A500A34A16 /* 数字键盘 */ = {
			isa = PBXGroup;
			children = (
				6C2A00BF1F53A1A500A34A16 /* NumberpadViewController.swift */,
			);
			name = "数字键盘";
			path = "第三个tab/数字键盘";
			sourceTree = "<group>";
		};
		6C329B461F692069006B1497 /* gift */ = {
			isa = PBXGroup;
			children = (
				6C329BB71F6A85D3006B1497 /* gif13.gif */,
				6C329BB51F6A8443006B1497 /* gif14.gif */,
				6C329B951F6A8313006B1497 /* gif0.gif */,
				6C329B961F6A8313006B1497 /* gif1.gif */,
				6C329B971F6A8313006B1497 /* gif2.gif */,
				6C329B981F6A8313006B1497 /* gif3.gif */,
				6C329B991F6A8313006B1497 /* gif4.gif */,
				6C329B9A1F6A8313006B1497 /* gif5.gif */,
				6C329B9B1F6A8313006B1497 /* gif6.gif */,
				6C329B9C1F6A8313006B1497 /* gif7.gif */,
				6C329B9D1F6A8313006B1497 /* gif8.gif */,
				6C329B9E1F6A8313006B1497 /* gif9.gif */,
				6C329B9F1F6A8313006B1497 /* gif10.gif */,
				6C329BA01F6A8313006B1497 /* gif11.gif */,
				6C329BA11F6A8313006B1497 /* gif12.gif */,
			);
			path = gift;
			sourceTree = "<group>";
		};
		6C329B671F69210F006B1497 /* 送礼物 */ = {
			isa = PBXGroup;
			children = (
				6C329B681F69210F006B1497 /* giftViewController.swift */,
			);
			path = "送礼物";
			sourceTree = "<group>";
		};
		6C329B6A1F6A51CF006B1497 /* 弹幕 */ = {
			isa = PBXGroup;
			children = (
				6C329B711F6A5C06006B1497 /* data.json */,
				6C329B6B1F6A51CF006B1497 /* BulletManager.h */,
				6C329B6C1F6A51CF006B1497 /* BulletManager.m */,
				6C329B6D1F6A51CF006B1497 /* BulletView.h */,
				6C329B6E1F6A51CF006B1497 /* BulletView.m */,
			);
			path = "弹幕";
			sourceTree = "<group>";
		};
		6C8452861EE68C6800E1AA66 /* CollectionView联动 */ = {
			isa = PBXGroup;
			children = (
				6C84528B1EE68C6800E1AA66 /* liwushuo.json */,
				6C8452A21EE68F8500E1AA66 /* CollectionViewController.swift */,
				6C8452A41EE694DF00E1AA66 /* CollectionViewCell.swift */,
				6C8452A61EE6951600E1AA66 /* CollectionViewHeaderView.swift */,
				6C8452A81EE6A20A00E1AA66 /* CollectionViewCategoryModel.swift */,
				6C8452AA1EE6A24900E1AA66 /* SubCategoryModel.swift */,
			);
			name = "CollectionView联动";
			path = "第三个tab/CollectionView联动";
			sourceTree = "<group>";
		};
		6C84528C1EE68C6800E1AA66 /* TableView联动 */ = {
			isa = PBXGroup;
			children = (
				6C84528D1EE68C6800E1AA66 /* CategoryModel.swift */,
				6C84528E1EE68C6800E1AA66 /* food.json */,
				6C84528F1EE68C6800E1AA66 /* foodModel.swift */,
				6C8452901EE68C6800E1AA66 /* LeftTableViewCell.swift */,
				6C8452911EE68C6800E1AA66 /* meituan.json */,
				6C8452921EE68C6800E1AA66 /* RightTableViewCell.swift */,
				6C8452931EE68C6800E1AA66 /* TableViewController.swift */,
				6C8452941EE68C6800E1AA66 /* TableViewHeaderView.swift */,
			);
			name = "TableView联动";
			path = "第三个tab/TableView联动";
			sourceTree = "<group>";
		};
		6C9467EC1E86172C00D245F9 /* 动画支持 */ = {
			isa = PBXGroup;
			children = (
				6C329B6A1F6A51CF006B1497 /* 弹幕 */,
				6C329B671F69210F006B1497 /* 送礼物 */,
				6C9467ED1E86172C00D245F9 /* 烟花 */,
				6C9467EF1E86172C00D245F9 /* 爱心 */,
			);
			path = "动画支持";
			sourceTree = "<group>";
		};
		6C9467ED1E86172C00D245F9 /* 烟花 */ = {
			isa = PBXGroup;
			children = (
				6CA7B8DE1E88A76B00C1095F /* emmitParticles.swift */,
			);
			path = "烟花";
			sourceTree = "<group>";
		};
		6C9467EF1E86172C00D245F9 /* 爱心 */ = {
			isa = PBXGroup;
			children = (
				6C9467F01E86172C00D245F9 /* DMHeartFlyView.h */,
				6C9467F11E86172C00D245F9 /* DMHeartFlyView.m */,
			);
			path = "爱心";
			sourceTree = "<group>";
		};
		6CBFD8C01EE7E73000DE5DCC /* 按钮扩展 */ = {
			isa = PBXGroup;
			children = (
				6CBFD8C11EE7E73000DE5DCC /* BtnViewController.swift */,
				6CBFD8C21EE7E73000DE5DCC /* extensionBtn.swift */,
			);
			name = "按钮扩展";
			path = "第三个tab/按钮扩展";
			sourceTree = "<group>";
		};
		6CBFD8C31EE7E73000DE5DCC /* 时间轴效果 */ = {
			isa = PBXGroup;
			children = (
				6CBFD8C41EE7E73000DE5DCC /* TimeLineCell.swift */,
				6CBFD8C51EE7E73000DE5DCC /* TimeLineViewController.swift */,
			);
			name = "时间轴效果";
			path = "第三个tab/时间轴效果";
			sourceTree = "<group>";
		};
		6CBFD8CA1EE7E92500DE5DCC /* 导航栏渐变+下拉放大 */ = {
			isa = PBXGroup;
			children = (
				6CBFD8CB1EE7E97E00DE5DCC /* NavigationAndDownViewController.swift */,
			);
			name = "导航栏渐变+下拉放大";
			path = "第三个tab/导航栏渐变+下拉放大";
			sourceTree = "<group>";
		};
		6CBFD8CF1EE8FA0A00DE5DCC /* 分页控制器 */ = {
			isa = PBXGroup;
			children = (
				6CBFD8D01EE8FA0A00DE5DCC /* SKFPageView */,
				6CBFD8DB1EE8FA2E00DE5DCC /* PageViewController.swift */,
			);
			name = "分页控制器";
			path = "第三个tab/分页控制器";
			sourceTree = "<group>";
		};
		6CBFD8D01EE8FA0A00DE5DCC /* SKFPageView */ = {
			isa = PBXGroup;
			children = (
				6CBFD8D11EE8FA0A00DE5DCC /* SKFContentView.swift */,
				6CBFD8D21EE8FA0A00DE5DCC /* SKFPageStyle.swift */,
				6CBFD8D31EE8FA0A00DE5DCC /* SKFPageView.swift */,
				6CBFD8D41EE8FA0A00DE5DCC /* SKFTitleView.swift */,
				6CBFD8D51EE8FA0A00DE5DCC /* UIColor-Extension.swift */,
			);
			path = SKFPageView;
			sourceTree = "<group>";
		};
		6CC39C151F29CA50001F7FF6 /* 刮刮卡 */ = {
			isa = PBXGroup;
			children = (
				6CC39C1B1F29CCC0001F7FF6 /* ScratchCard.swift */,
				6CC39C1C1F29CCC0001F7FF6 /* ScratchMask.swift */,
				6CC39C191F29CC7B001F7FF6 /* GuaGuaKaViewController.swift */,
			);
			name = "刮刮卡";
			path = "第三个tab/刮刮卡";
			sourceTree = "<group>";
		};
		6CC39C1F1F29D6B9001F7FF6 /* 检测人脸并打码 */ = {
			isa = PBXGroup;
			children = (
				6CC39C201F29D6D2001F7FF6 /* PixFaceViewController.swift */,
			);
			name = "检测人脸并打码";
			path = "第三个tab/检测人脸并打码";
			sourceTree = "<group>";
		};
		6CD061D91E811EB80001FC76 = {
			isa = PBXGroup;
			children = (
				6CD061E41E811EB80001FC76 /* 直播demo */,
				6CD061F91E811EB80001FC76 /* 直播demoTests */,
				6CD062041E811EB80001FC76 /* 直播demoUITests */,
				6CD061E31E811EB80001FC76 /* Products */,
				ABE7E88569656A57B037F96D /* Pods */,
				775C4ED0755EF226B22016AC /* Frameworks */,
			);
			sourceTree = "<group>";
		};
		6CD061E31E811EB80001FC76 /* Products */ = {
			isa = PBXGroup;
			children = (
				6CD061E21E811EB80001FC76 /* 直播demo.app */,
				6CD061F61E811EB80001FC76 /* 直播demoTests.xctest */,
				6CD062011E811EB80001FC76 /* 直播demoUITests.xctest */,
			);
			name = Products;
			sourceTree = "<group>";
		};
		6CD061E41E811EB80001FC76 /* 直播demo */ = {
			isa = PBXGroup;
			children = (
				6C329B461F692069006B1497 /* gift */,
				6C26BEC01E84FBB1003A7478 /* IJKMediaFramework.framework */,
				6CD062211E8129120001FC76 /* tools */,
				6C04DDF61EE5026600700313 /* 第三个tab */,
				6CD0621B1E8128D10001FC76 /* 第二个tab */,
				6CD0621D1E8128D10001FC76 /* 第一个tab */,
				6CD061E51E811EB80001FC76 /* AppDelegate.swift */,
				6CD061EC1E811EB80001FC76 /* Assets.xcassets */,
				6CD061F11E811EB80001FC76 /* Info.plist */,
				6CD062131E81202C0001FC76 /* TabBarViewController.swift */,
				6CA7B8DD1E88992D00C1095F /* brige.h */,
				6C7740BA1F3179DB00602665 /* InfoPlist.strings */,
				6C7740C21F317BA000602665 /* Localizable.strings */,
			);
			path = "直播demo";
			sourceTree = "<group>";
		};
		6CD061F91E811EB80001FC76 /* 直播demoTests */ = {
			isa = PBXGroup;
			children = (
				6CD061FA1E811EB80001FC76 /* __demoTests.swift */,
				6CD061FC1E811EB80001FC76 /* Info.plist */,
			);
			path = "直播demoTests";
			sourceTree = "<group>";
		};
		6CD062041E811EB80001FC76 /* 直播demoUITests */ = {
			isa = PBXGroup;
			children = (
				6CD062051E811EB80001FC76 /* __demoUITests.swift */,
				6CD062071E811EB80001FC76 /* Info.plist */,
			);
			path = "直播demoUITests";
			sourceTree = "<group>";
		};
		6CD0621B1E8128D10001FC76 /* 第二个tab */ = {
			isa = PBXGroup;
			children = (
				6CD0621C1E8128D10001FC76 /* PlayerViewController.swift */,
				6CA7B8E01E89147600C1095F /* TwoModel.swift */,
				6CA7B8E21E891A4300C1095F /* TwoViewController.swift */,
				6CE86D571E89EA3300A8EB5A /* TwoViewModel.swift */,
				6CE86D591E89EADB00A8EB5A /* TwoTableViewCell.swift */,
			);
			path = "第二个tab";
			sourceTree = "<group>";
		};
		6CD0621D1E8128D10001FC76 /* 第一个tab */ = {
			isa = PBXGroup;
			children = (
				6C9467EC1E86172C00D245F9 /* 动画支持 */,
				6CD0621E1E8128D10001FC76 /* OneViewController.swift */,
				6C0C88A21E836F0400A185B5 /* OneModel.swift */,
				6C0C88AA1E83968300A185B5 /* OneTableViewCell.swift */,
				6C726D751E84AC7C005B9063 /* UserModel.swift */,
				6C26BEBE1E84F71C003A7478 /* VideoViewController.swift */,
			);
			path = "第一个tab";
			sourceTree = "<group>";
		};
		6CD062211E8129120001FC76 /* tools */ = {
			isa = PBXGroup;
			children = (
				6C04DDFE1EE503AF00700313 /* start.mp3 */,
				6CD062221E8129610001FC76 /* NetWorkManager.swift */,
			);
			path = tools;
			sourceTree = "<group>";
		};
		775C4ED0755EF226B22016AC /* Frameworks */ = {
			isa = PBXGroup;
			children = (
				6C26BEDA1E84FC90003A7478 /* VideoToolbox.framework */,
				6C26BED81E84FC88003A7478 /* UIKit.framework */,
				6C26BED61E84FC80003A7478 /* QuartzCore.framework */,
				6C26BED41E84FC78003A7478 /* OpenGLES.framework */,
				6C26BED21E84FC6E003A7478 /* MobileCoreServices.framework */,
				6C26BED01E84FC5F003A7478 /* MediaPlayer.framework */,
				6C26BECE1E84FC4D003A7478 /* libz.tbd */,
				6C26BECC1E84FC46003A7478 /* libbz2.tbd */,
				6C26BECA1E84FC35003A7478 /* CoreVideo.framework */,
				6C26BEC81E84FC26003A7478 /* CoreMedia.framework */,
				6C26BEC61E84FC1E003A7478 /* CoreGraphics.framework */,
				6C26BEC41E84FC0C003A7478 /* AVFoundation.framework */,
				6C26BEC21E84FC02003A7478 /* AudioToolbox.framework */,
				253E7DC0E2E5CC585B4CA6AB /* Pods___demo.framework */,
			);
			name = Frameworks;
			sourceTree = "<group>";
		};
		ABE7E88569656A57B037F96D /* Pods */ = {
			isa = PBXGroup;
			children = (
				06A3BD817F22F03257008175 /* Pods-直播demo.debug.xcconfig */,
				0588688EFDC96D4B7892D934 /* Pods-直播demo.release.xcconfig */,
			);
			name = Pods;
			sourceTree = "<group>";
		};
/* End PBXGroup section */

/* Begin PBXNativeTarget section */
		6CD061E11E811EB80001FC76 /* 直播demo */ = {
			isa = PBXNativeTarget;
			buildConfigurationList = 6CD0620A1E811EB80001FC76 /* Build configuration list for PBXNativeTarget "直播demo" */;
			buildPhases = (
				AFF82650EF21D570AB5CA382 /* [CP] Check Pods Manifest.lock */,
				6CD061DE1E811EB80001FC76 /* Sources */,
				6CD061DF1E811EB80001FC76 /* Frameworks */,
				6CD061E01E811EB80001FC76 /* Resources */,
				D36790F7699AF18A0F1B5823 /* [CP] Embed Pods Frameworks */,
				E97BE1AEB1D0FC60FDFC7949 /* [CP] Copy Pods Resources */,
			);
			buildRules = (
			);
			dependencies = (
			);
			name = "直播demo";
			productName = "直播demo";
			productReference = 6CD061E21E811EB80001FC76 /* 直播demo.app */;
			productType = "com.apple.product-type.application";
		};
		6CD061F51E811EB80001FC76 /* 直播demoTests */ = {
			isa = PBXNativeTarget;
			buildConfigurationList = 6CD0620D1E811EB80001FC76 /* Build configuration list for PBXNativeTarget "直播demoTests" */;
			buildPhases = (
				6CD061F21E811EB80001FC76 /* Sources */,
				6CD061F31E811EB80001FC76 /* Frameworks */,
				6CD061F41E811EB80001FC76 /* Resources */,
			);
			buildRules = (
			);
			dependencies = (
				6CD061F81E811EB80001FC76 /* PBXTargetDependency */,
			);
			name = "直播demoTests";
			productName = "直播demoTests";
			productReference = 6CD061F61E811EB80001FC76 /* 直播demoTests.xctest */;
			productType = "com.apple.product-type.bundle.unit-test";
		};
		6CD062001E811EB80001FC76 /* 直播demoUITests */ = {
			isa = PBXNativeTarget;
			buildConfigurationList = 6CD062101E811EB80001FC76 /* Build configuration list for PBXNativeTarget "直播demoUITests" */;
			buildPhases = (
				6CD061FD1E811EB80001FC76 /* Sources */,
				6CD061FE1E811EB80001FC76 /* Frameworks */,
				6CD061FF1E811EB80001FC76 /* Resources */,
			);
			buildRules = (
			);
			dependencies = (
				6CD062031E811EB80001FC76 /* PBXTargetDependency */,
			);
			name = "直播demoUITests";
			productName = "直播demoUITests";
			productReference = 6CD062011E811EB80001FC76 /* 直播demoUITests.xctest */;
			productType = "com.apple.product-type.bundle.ui-testing";
		};
/* End PBXNativeTarget section */

/* Begin PBXProject section */
		6CD061DA1E811EB80001FC76 /* Project object */ = {
			isa = PBXProject;
			attributes = {
				LastSwiftUpdateCheck = 0820;
				LastUpgradeCheck = 0820;
				ORGANIZATIONNAME = "Shaoting Zhou";
				TargetAttributes = {
					6CD061E11E811EB80001FC76 = {
						CreatedOnToolsVersion = 8.2.1;
						DevelopmentTeam = SEXTE6L662;
						ProvisioningStyle = Automatic;
					};
					6CD061F51E811EB80001FC76 = {
						CreatedOnToolsVersion = 8.2.1;
						DevelopmentTeam = U4629HP3VA;
						ProvisioningStyle = Automatic;
						TestTargetID = 6CD061E11E811EB80001FC76;
					};
					6CD062001E811EB80001FC76 = {
						CreatedOnToolsVersion = 8.2.1;
						DevelopmentTeam = U4629HP3VA;
						ProvisioningStyle = Automatic;
						TestTargetID = 6CD061E11E811EB80001FC76;
					};
				};
			};
			buildConfigurationList = 6CD061DD1E811EB80001FC76 /* Build configuration list for PBXProject "直播demo" */;
			compatibilityVersion = "Xcode 3.2";
			developmentRegion = English;
			hasScannedForEncodings = 0;
			knownRegions = (
				en,
				Base,
				"zh-Hans",
			);
			mainGroup = 6CD061D91E811EB80001FC76;
			productRefGroup = 6CD061E31E811EB80001FC76 /* Products */;
			projectDirPath = "";
			projectRoot = "";
			targets = (
				6CD061E11E811EB80001FC76 /* 直播demo */,
				6CD061F51E811EB80001FC76 /* 直播demoTests */,
				6CD062001E811EB80001FC76 /* 直播demoUITests */,
			);
		};
/* End PBXProject section */

/* Begin PBXResourcesBuildPhase section */
		6CD061E01E811EB80001FC76 /* Resources */ = {
			isa = PBXResourcesBuildPhase;
			buildActionMask = 2147483647;
			files = (
				6C01EE571F62336500DCBAA5 /* otherIcon@2x.png in Resources */,
				6CD061ED1E811EB80001FC76 /* Assets.xcassets in Resources */,
				6C329BAD1F6A8313006B1497 /* gif8.gif in Resources */,
				6C01EE581F62336500DCBAA5 /* otherIcon@3x.png in Resources */,
				6C329B721F6A5C06006B1497 /* data.json in Resources */,
				6C329BB81F6A85D3006B1497 /* gif13.gif in Resources */,
				6C329BA71F6A8313006B1497 /* gif2.gif in Resources */,
				6C7740B81F3179DB00602665 /* InfoPlist.strings in Resources */,
				6C329BAE1F6A8313006B1497 /* gif9.gif in Resources */,
				6C84529B1EE68C6800E1AA66 /* food.json in Resources */,
				6C329BB01F6A8313006B1497 /* gif11.gif in Resources */,
				6C329BAC1F6A8313006B1497 /* gif7.gif in Resources */,
				6C329BAA1F6A8313006B1497 /* gif5.gif in Resources */,
				6C329BA91F6A8313006B1497 /* gif4.gif in Resources */,
				6C7740C01F317BA000602665 /* Localizable.strings in Resources */,
				6C329BA61F6A8313006B1497 /* gif1.gif in Resources */,
				6C329BA81F6A8313006B1497 /* gif3.gif in Resources */,
				6C329BAB1F6A8313006B1497 /* gif6.gif in Resources */,
				6C329BB61F6A8443006B1497 /* gif14.gif in Resources */,
				6C329BAF1F6A8313006B1497 /* gif10.gif in Resources */,
				6C8452991EE68C6800E1AA66 /* liwushuo.json in Resources */,
				6C04DDFF1EE503AF00700313 /* start.mp3 in Resources */,
				6C329BA51F6A8313006B1497 /* gif0.gif in Resources */,
				6C84529E1EE68C6800E1AA66 /* meituan.json in Resources */,
				6C329BB11F6A8313006B1497 /* gif12.gif in Resources */,
			);
			runOnlyForDeploymentPostprocessing = 0;
		};
		6CD061F41E811EB80001FC76 /* Resources */ = {
			isa = PBXResourcesBuildPhase;
			buildActionMask = 2147483647;
			files = (
			);
			runOnlyForDeploymentPostprocessing = 0;
		};
		6CD061FF1E811EB80001FC76 /* Resources */ = {
			isa = PBXResourcesBuildPhase;
			buildActionMask = 2147483647;
			files = (
			);
			runOnlyForDeploymentPostprocessing = 0;
		};
/* End PBXResourcesBuildPhase section */

/* Begin PBXShellScriptBuildPhase section */
		AFF82650EF21D570AB5CA382 /* [CP] Check Pods Manifest.lock */ = {
			isa = PBXShellScriptBuildPhase;
			buildActionMask = 2147483647;
			files = (
			);
			inputPaths = (
			);
			name = "[CP] Check Pods Manifest.lock";
			outputPaths = (
			);
			runOnlyForDeploymentPostprocessing = 0;
			shellPath = /bin/sh;
			shellScript = "diff \"${PODS_ROOT}/../Podfile.lock\" \"${PODS_ROOT}/Manifest.lock\" > /dev/null\nif [ $? != 0 ] ; then\n    # print error to STDERR\n    echo \"error: The sandbox is not in sync with the Podfile.lock. Run 'pod install' or update your CocoaPods installation.\" >&2\n    exit 1\nfi\n";
			showEnvVarsInLog = 0;
		};
		D36790F7699AF18A0F1B5823 /* [CP] Embed Pods Frameworks */ = {
			isa = PBXShellScriptBuildPhase;
			buildActionMask = 2147483647;
			files = (
			);
			inputPaths = (
			);
			name = "[CP] Embed Pods Frameworks";
			outputPaths = (
			);
			runOnlyForDeploymentPostprocessing = 0;
			shellPath = /bin/sh;
			shellScript = "\"${SRCROOT}/Pods/Target Support Files/Pods-直播demo/Pods-直播demo-frameworks.sh\"\n";
			showEnvVarsInLog = 0;
		};
		E97BE1AEB1D0FC60FDFC7949 /* [CP] Copy Pods Resources */ = {
			isa = PBXShellScriptBuildPhase;
			buildActionMask = 2147483647;
			files = (
			);
			inputPaths = (
			);
			name = "[CP] Copy Pods Resources";
			outputPaths = (
			);
			runOnlyForDeploymentPostprocessing = 0;
			shellPath = /bin/sh;
			shellScript = "\"${SRCROOT}/Pods/Target Support Files/Pods-直播demo/Pods-直播demo-resources.sh\"\n";
			showEnvVarsInLog = 0;
		};
/* End PBXShellScriptBuildPhase section */

/* Begin PBXSourcesBuildPhase section */
		6CD061DE1E811EB80001FC76 /* Sources */ = {
			isa = PBXSourcesBuildPhase;
			buildActionMask = 2147483647;
			files = (
				6C84529F1EE68C6800E1AA66 /* RightTableViewCell.swift in Sources */,
				6CD062231E8129610001FC76 /* NetWorkManager.swift in Sources */,
				6CD062141E81202C0001FC76 /* TabBarViewController.swift in Sources */,
				6CA7B8DF1E88A76B00C1095F /* emmitParticles.swift in Sources */,
				6C329B691F69210F006B1497 /* giftViewController.swift in Sources */,
				6CBFD8D81EE8FA0A00DE5DCC /* SKFPageView.swift in Sources */,
				6C8452A11EE68C6800E1AA66 /* TableViewHeaderView.swift in Sources */,
				6CBFD8C61EE7E73000DE5DCC /* BtnViewController.swift in Sources */,
				6C8452A51EE694DF00E1AA66 /* CollectionViewCell.swift in Sources */,
				6C329B6F1F6A51CF006B1497 /* BulletManager.m in Sources */,
				6C26BEBF1E84F71C003A7478 /* VideoViewController.swift in Sources */,
				6C84529C1EE68C6800E1AA66 /* foodModel.swift in Sources */,
				6C329B701F6A51CF006B1497 /* BulletView.m in Sources */,
				6C726D761E84AC7C005B9063 /* UserModel.swift in Sources */,
				6CC39C1E1F29CCC0001F7FF6 /* ScratchMask.swift in Sources */,
				6C0C88A31E836F0400A185B5 /* OneModel.swift in Sources */,
				6CBFD8D71EE8FA0A00DE5DCC /* SKFPageStyle.swift in Sources */,
				6C84529A1EE68C6800E1AA66 /* CategoryModel.swift in Sources */,
				6CC39C1D1F29CCC0001F7FF6 /* ScratchCard.swift in Sources */,
				6CBFD8D91EE8FA0A00DE5DCC /* SKFTitleView.swift in Sources */,
				6CD061E61E811EB80001FC76 /* AppDelegate.swift in Sources */,
				6C8452A31EE68F8500E1AA66 /* CollectionViewController.swift in Sources */,
				6CBFD8C91EE7E73000DE5DCC /* TimeLineViewController.swift in Sources */,
				6C2A00C01F53A1A500A34A16 /* NumberpadViewController.swift in Sources */,
				6CBFD8DA1EE8FA0A00DE5DCC /* UIColor-Extension.swift in Sources */,
				6CC39C211F29D6D2001F7FF6 /* PixFaceViewController.swift in Sources */,
				6C9467F31E86172C00D245F9 /* DMHeartFlyView.m in Sources */,
				6CA7B8E11E89147600C1095F /* TwoModel.swift in Sources */,
				6C8452A01EE68C6800E1AA66 /* TableViewController.swift in Sources */,
				6CD062201E8128D10001FC76 /* OneViewController.swift in Sources */,
				6CBFD8D61EE8FA0A00DE5DCC /* SKFContentView.swift in Sources */,
				6CBFD8C81EE7E73000DE5DCC /* TimeLineCell.swift in Sources */,
				6C0C88AB1E83968300A185B5 /* OneTableViewCell.swift in Sources */,
				6CC39C1A1F29CC7B001F7FF6 /* GuaGuaKaViewController.swift in Sources */,
				6C84529D1EE68C6800E1AA66 /* LeftTableViewCell.swift in Sources */,
				6C8452A71EE6951600E1AA66 /* CollectionViewHeaderView.swift in Sources */,
				6CBFD8C71EE7E73000DE5DCC /* extensionBtn.swift in Sources */,
				6CA7B8E31E891A4300C1095F /* TwoViewController.swift in Sources */,
				6C04DE051EE538F100700313 /* ThreeViewController.swift in Sources */,
				6CBFD8CC1EE7E97E00DE5DCC /* NavigationAndDownViewController.swift in Sources */,
				6CE86D5A1E89EADB00A8EB5A /* TwoTableViewCell.swift in Sources */,
				6CBFD8DC1EE8FA2E00DE5DCC /* PageViewController.swift in Sources */,
				6CD0621F1E8128D10001FC76 /* PlayerViewController.swift in Sources */,
				6C8452A91EE6A20A00E1AA66 /* CollectionViewCategoryModel.swift in Sources */,
				6C8452AB1EE6A24900E1AA66 /* SubCategoryModel.swift in Sources */,
				6CE86D581E89EA3300A8EB5A /* TwoViewModel.swift in Sources */,
			);
			runOnlyForDeploymentPostprocessing = 0;
		};
		6CD061F21E811EB80001FC76 /* Sources */ = {
			isa = PBXSourcesBuildPhase;
			buildActionMask = 2147483647;
			files = (
				6CD061FB1E811EB80001FC76 /* __demoTests.swift in Sources */,
			);
			runOnlyForDeploymentPostprocessing = 0;
		};
		6CD061FD1E811EB80001FC76 /* Sources */ = {
			isa = PBXSourcesBuildPhase;
			buildActionMask = 2147483647;
			files = (
				6CD062061E811EB80001FC76 /* __demoUITests.swift in Sources */,
			);
			runOnlyForDeploymentPostprocessing = 0;
		};
/* End PBXSourcesBuildPhase section */

/* Begin PBXTargetDependency section */
		6CD061F81E811EB80001FC76 /* PBXTargetDependency */ = {
			isa = PBXTargetDependency;
			target = 6CD061E11E811EB80001FC76 /* 直播demo */;
			targetProxy = 6CD061F71E811EB80001FC76 /* PBXContainerItemProxy */;
		};
		6CD062031E811EB80001FC76 /* PBXTargetDependency */ = {
			isa = PBXTargetDependency;
			target = 6CD061E11E811EB80001FC76 /* 直播demo */;
			targetProxy = 6CD062021E811EB80001FC76 /* PBXContainerItemProxy */;
		};
/* End PBXTargetDependency section */

/* Begin PBXVariantGroup section */
		6C7740BA1F3179DB00602665 /* InfoPlist.strings */ = {
			isa = PBXVariantGroup;
			children = (
				6C7740B91F3179DB00602665 /* en */,
				6C7740BB1F3179DC00602665 /* zh-Hans */,
			);
			name = InfoPlist.strings;
			sourceTree = "<group>";
		};
		6C7740C21F317BA000602665 /* Localizable.strings */ = {
			isa = PBXVariantGroup;
			children = (
				6C7740C11F317BA000602665 /* en */,
				6C7740C31F317BA400602665 /* zh-Hans */,
			);
			name = Localizable.strings;
			sourceTree = "<group>";
		};
/* End PBXVariantGroup section */

/* Begin XCBuildConfiguration section */
		6CD062081E811EB80001FC76 /* Debug */ = {
			isa = XCBuildConfiguration;
			buildSettings = {
				ALWAYS_SEARCH_USER_PATHS = NO;
				CLANG_ANALYZER_LOCALIZABILITY_NONLOCALIZED = YES;
				CLANG_ANALYZER_NONNULL = YES;
				CLANG_CXX_LANGUAGE_STANDARD = "gnu++0x";
				CLANG_CXX_LIBRARY = "libc++";
				CLANG_ENABLE_MODULES = YES;
				CLANG_ENABLE_OBJC_ARC = YES;
				CLANG_WARN_BOOL_CONVERSION = YES;
				CLANG_WARN_CONSTANT_CONVERSION = YES;
				CLANG_WARN_DIRECT_OBJC_ISA_USAGE = YES_ERROR;
				CLANG_WARN_DOCUMENTATION_COMMENTS = YES;
				CLANG_WARN_EMPTY_BODY = YES;
				CLANG_WARN_ENUM_CONVERSION = YES;
				CLANG_WARN_INFINITE_RECURSION = YES;
				CLANG_WARN_INT_CONVERSION = YES;
				CLANG_WARN_OBJC_ROOT_CLASS = YES_ERROR;
				CLANG_WARN_SUSPICIOUS_MOVE = YES;
				CLANG_WARN_UNREACHABLE_CODE = YES;
				CLANG_WARN__DUPLICATE_METHOD_MATCH = YES;
				"CODE_SIGN_IDENTITY[sdk=iphoneos*]" = "iPhone Developer";
				COPY_PHASE_STRIP = NO;
				DEBUG_INFORMATION_FORMAT = dwarf;
				ENABLE_STRICT_OBJC_MSGSEND = YES;
				ENABLE_TESTABILITY = YES;
				GCC_C_LANGUAGE_STANDARD = gnu99;
				GCC_DYNAMIC_NO_PIC = NO;
				GCC_NO_COMMON_BLOCKS = YES;
				GCC_OPTIMIZATION_LEVEL = 0;
				GCC_PREPROCESSOR_DEFINITIONS = (
					"DEBUG=1",
					"$(inherited)",
				);
				GCC_WARN_64_TO_32_BIT_CONVERSION = YES;
				GCC_WARN_ABOUT_RETURN_TYPE = YES_ERROR;
				GCC_WARN_UNDECLARED_SELECTOR = YES;
				GCC_WARN_UNINITIALIZED_AUTOS = YES_AGGRESSIVE;
				GCC_WARN_UNUSED_FUNCTION = YES;
				GCC_WARN_UNUSED_VARIABLE = YES;
				IPHONEOS_DEPLOYMENT_TARGET = 10.2;
				MTL_ENABLE_DEBUG_INFO = YES;
				ONLY_ACTIVE_ARCH = YES;
				SDKROOT = iphoneos;
				SWIFT_ACTIVE_COMPILATION_CONDITIONS = DEBUG;
				SWIFT_OPTIMIZATION_LEVEL = "-Onone";
				TARGETED_DEVICE_FAMILY = "1,2";
			};
			name = Debug;
		};
		6CD062091E811EB80001FC76 /* Release */ = {
			isa = XCBuildConfiguration;
			buildSettings = {
				ALWAYS_SEARCH_USER_PATHS = NO;
				CLANG_ANALYZER_LOCALIZABILITY_NONLOCALIZED = YES;
				CLANG_ANALYZER_NONNULL = YES;
				CLANG_CXX_LANGUAGE_STANDARD = "gnu++0x";
				CLANG_CXX_LIBRARY = "libc++";
				CLANG_ENABLE_MODULES = YES;
				CLANG_ENABLE_OBJC_ARC = YES;
				CLANG_WARN_BOOL_CONVERSION = YES;
				CLANG_WARN_CONSTANT_CONVERSION = YES;
				CLANG_WARN_DIRECT_OBJC_ISA_USAGE = YES_ERROR;
				CLANG_WARN_DOCUMENTATION_COMMENTS = YES;
				CLANG_WARN_EMPTY_BODY = YES;
				CLANG_WARN_ENUM_CONVERSION = YES;
				CLANG_WARN_INFINITE_RECURSION = YES;
				CLANG_WARN_INT_CONVERSION = YES;
				CLANG_WARN_OBJC_ROOT_CLASS = YES_ERROR;
				CLANG_WARN_SUSPICIOUS_MOVE = YES;
				CLANG_WARN_UNREACHABLE_CODE = YES;
				CLANG_WARN__DUPLICATE_METHOD_MATCH = YES;
				"CODE_SIGN_IDENTITY[sdk=iphoneos*]" = "iPhone Developer";
				COPY_PHASE_STRIP = NO;
				DEBUG_INFORMATION_FORMAT = "dwarf-with-dsym";
				ENABLE_NS_ASSERTIONS = NO;
				ENABLE_STRICT_OBJC_MSGSEND = YES;
				GCC_C_LANGUAGE_STANDARD = gnu99;
				GCC_NO_COMMON_BLOCKS = YES;
				GCC_WARN_64_TO_32_BIT_CONVERSION = YES;
				GCC_WARN_ABOUT_RETURN_TYPE = YES_ERROR;
				GCC_WARN_UNDECLARED_SELECTOR = YES;
				GCC_WARN_UNINITIALIZED_AUTOS = YES_AGGRESSIVE;
				GCC_WARN_UNUSED_FUNCTION = YES;
				GCC_WARN_UNUSED_VARIABLE = YES;
				IPHONEOS_DEPLOYMENT_TARGET = 10.2;
				MTL_ENABLE_DEBUG_INFO = NO;
				SDKROOT = iphoneos;
				SWIFT_OPTIMIZATION_LEVEL = "-Owholemodule";
				TARGETED_DEVICE_FAMILY = "1,2";
				VALIDATE_PRODUCT = YES;
			};
			name = Release;
		};
		6CD0620B1E811EB80001FC76 /* Debug */ = {
			isa = XCBuildConfiguration;
			baseConfigurationReference = 06A3BD817F22F03257008175 /* Pods-直播demo.debug.xcconfig */;
			buildSettings = {
				ASSETCATALOG_COMPILER_APPICON_NAME = AppIcon;
				ASSETCATALOG_COMPILER_LAUNCHIMAGE_NAME = LaunchImage;
				"CODE_SIGN_IDENTITY[sdk=iphoneos*]" = "iPhone Developer";
				DEVELOPMENT_TEAM = SEXTE6L662;
				ENABLE_BITCODE = NO;
				FRAMEWORK_SEARCH_PATHS = (
					"$(inherited)",
					"$(PROJECT_DIR)/直播demo",
				);
				INFOPLIST_FILE = "直播demo/Info.plist";
				IPHONEOS_DEPLOYMENT_TARGET = 8.0;
				LD_RUNPATH_SEARCH_PATHS = "$(inherited) @executable_path/Frameworks";
				PRODUCT_BUNDLE_IDENTIFIER = "--.--demo";
				PRODUCT_NAME = "$(TARGET_NAME)";
				PROVISIONING_PROFILE_SPECIFIER = "";
				SWIFT_OBJC_BRIDGING_HEADER = "直播demo/brige.h";
				SWIFT_VERSION = 3.0;
				USER_HEADER_SEARCH_PATHS = "$(PODS_ROOT)/**";
			};
			name = Debug;
		};
		6CD0620C1E811EB80001FC76 /* Release */ = {
			isa = XCBuildConfiguration;
			baseConfigurationReference = 0588688EFDC96D4B7892D934 /* Pods-直播demo.release.xcconfig */;
			buildSettings = {
				ASSETCATALOG_COMPILER_APPICON_NAME = AppIcon;
				ASSETCATALOG_COMPILER_LAUNCHIMAGE_NAME = LaunchImage;
				"CODE_SIGN_IDENTITY[sdk=iphoneos*]" = "iPhone Developer";
				DEVELOPMENT_TEAM = SEXTE6L662;
				ENABLE_BITCODE = NO;
				FRAMEWORK_SEARCH_PATHS = (
					"$(inherited)",
					"$(PROJECT_DIR)/直播demo",
				);
				INFOPLIST_FILE = "直播demo/Info.plist";
				IPHONEOS_DEPLOYMENT_TARGET = 8.0;
				LD_RUNPATH_SEARCH_PATHS = "$(inherited) @executable_path/Frameworks";
				PRODUCT_BUNDLE_IDENTIFIER = "--.--demo";
				PRODUCT_NAME = "$(TARGET_NAME)";
				PROVISIONING_PROFILE_SPECIFIER = "";
				SWIFT_OBJC_BRIDGING_HEADER = "直播demo/brige.h";
				SWIFT_VERSION = 3.0;
				USER_HEADER_SEARCH_PATHS = "$(PODS_ROOT)/**";
			};
			name = Release;
		};
		6CD0620E1E811EB80001FC76 /* Debug */ = {
			isa = XCBuildConfiguration;
			buildSettings = {
				ALWAYS_EMBED_SWIFT_STANDARD_LIBRARIES = YES;
				BUNDLE_LOADER = "$(TEST_HOST)";
				DEVELOPMENT_TEAM = U4629HP3VA;
				INFOPLIST_FILE = "直播demoTests/Info.plist";
				LD_RUNPATH_SEARCH_PATHS = "$(inherited) @executable_path/Frameworks @loader_path/Frameworks";
				PRODUCT_BUNDLE_IDENTIFIER = "--.--demoTests";
				PRODUCT_NAME = "$(TARGET_NAME)";
				SWIFT_VERSION = 3.0;
				TEST_HOST = "$(BUILT_PRODUCTS_DIR)/直播demo.app/直播demo";
			};
			name = Debug;
		};
		6CD0620F1E811EB80001FC76 /* Release */ = {
			isa = XCBuildConfiguration;
			buildSettings = {
				ALWAYS_EMBED_SWIFT_STANDARD_LIBRARIES = YES;
				BUNDLE_LOADER = "$(TEST_HOST)";
				DEVELOPMENT_TEAM = U4629HP3VA;
				INFOPLIST_FILE = "直播demoTests/Info.plist";
				LD_RUNPATH_SEARCH_PATHS = "$(inherited) @executable_path/Frameworks @loader_path/Frameworks";
				PRODUCT_BUNDLE_IDENTIFIER = "--.--demoTests";
				PRODUCT_NAME = "$(TARGET_NAME)";
				SWIFT_VERSION = 3.0;
				TEST_HOST = "$(BUILT_PRODUCTS_DIR)/直播demo.app/直播demo";
			};
			name = Release;
		};
		6CD062111E811EB80001FC76 /* Debug */ = {
			isa = XCBuildConfiguration;
			buildSettings = {
				ALWAYS_EMBED_SWIFT_STANDARD_LIBRARIES = YES;
				DEVELOPMENT_TEAM = U4629HP3VA;
				INFOPLIST_FILE = "直播demoUITests/Info.plist";
				LD_RUNPATH_SEARCH_PATHS = "$(inherited) @executable_path/Frameworks @loader_path/Frameworks";
				PRODUCT_BUNDLE_IDENTIFIER = "--.--demoUITests";
				PRODUCT_NAME = "$(TARGET_NAME)";
				SWIFT_VERSION = 3.0;
				TEST_TARGET_NAME = "直播demo";
			};
			name = Debug;
		};
		6CD062121E811EB80001FC76 /* Release */ = {
			isa = XCBuildConfiguration;
			buildSettings = {
				ALWAYS_EMBED_SWIFT_STANDARD_LIBRARIES = YES;
				DEVELOPMENT_TEAM = U4629HP3VA;
				INFOPLIST_FILE = "直播demoUITests/Info.plist";
				LD_RUNPATH_SEARCH_PATHS = "$(inherited) @executable_path/Frameworks @loader_path/Frameworks";
				PRODUCT_BUNDLE_IDENTIFIER = "--.--demoUITests";
				PRODUCT_NAME = "$(TARGET_NAME)";
				SWIFT_VERSION = 3.0;
				TEST_TARGET_NAME = "直播demo";
			};
			name = Release;
		};
/* End XCBuildConfiguration section */

/* Begin XCConfigurationList section */
		6CD061DD1E811EB80001FC76 /* Build configuration list for PBXProject "直播demo" */ = {
			isa = XCConfigurationList;
			buildConfigurations = (
				6CD062081E811EB80001FC76 /* Debug */,
				6CD062091E811EB80001FC76 /* Release */,
			);
			defaultConfigurationIsVisible = 0;
			defaultConfigurationName = Release;
		};
		6CD0620A1E811EB80001FC76 /* Build configuration list for PBXNativeTarget "直播demo" */ = {
			isa = XCConfigurationList;
			buildConfigurations = (
				6CD0620B1E811EB80001FC76 /* Debug */,
				6CD0620C1E811EB80001FC76 /* Release */,
			);
			defaultConfigurationIsVisible = 0;
			defaultConfigurationName = Release;
		};
		6CD0620D1E811EB80001FC76 /* Build configuration list for PBXNativeTarget "直播demoTests" */ = {
			isa = XCConfigurationList;
			buildConfigurations = (
				6CD0620E1E811EB80001FC76 /* Debug */,
				6CD0620F1E811EB80001FC76 /* Release */,
			);
			defaultConfigurationIsVisible = 0;
			defaultConfigurationName = Release;
		};
		6CD062101E811EB80001FC76 /* Build configuration list for PBXNativeTarget "直播demoUITests" */ = {
			isa = XCConfigurationList;
			buildConfigurations = (
				6CD062111E811EB80001FC76 /* Debug */,
				6CD062121E811EB80001FC76 /* Release */,
			);
			defaultConfigurationIsVisible = 0;
			defaultConfigurationName = Release;
		};
/* End XCConfigurationList section */
	};
	rootObject = 6CD061DA1E811EB80001FC76 /* Project object */;
}
